
Microsoft Visual Studio Solution File, Format Version 12.00
# Visual Studio 15
VisualStudioVersion = 15.0.27004.2002
MinimumVisualStudioVersion = 10.0.40219.1
Project("{FAE04EC0-301F-11D3-BF4B-00C04F79EFBC}") = "UnityProofOfConcept", "UnityProofOfConcept\UnityProofOfConcept.csproj", "{1E0A0B4F-51FF-4F4D-80DA-2A37F2147A18}"
EndProject
Project("{FAE04EC0-301F-11D3-BF4B-00C04F79EFBC}") = "UnityProofOfConcept.Tests", "UnityProofOfConcept.Tests\UnityProofOfConcept.Tests.csproj", "{635255AF-F681-4BB2-B9BE-D94298145249}"
EndProject
Global
	GlobalSection(SolutionConfigurationPlatforms) = preSolution
		Debug|Any CPU = Debug|Any CPU
		Release|Any CPU = Release|Any CPU
	EndGlobalSection
	GlobalSection(ProjectConfigurationPlatforms) = postSolution
		{1E0A0B4F-51FF-4F4D-80DA-2A37F2147A18}.Debug|Any CPU.ActiveCfg = Debug|Any CPU
		{1E0A0B4F-51FF-4F4D-80DA-2A37F2147A18}.Debug|Any CPU.Build.0 = Debug|Any CPU
		{1E0A0B4F-51FF-4F4D-80DA-2A37F2147A18}.Release|Any CPU.ActiveCfg = Release|Any CPU
		{1E0A0B4F-51FF-4F4D-80DA-2A37F2147A18}.Release|Any CPU.Build.0 = Release|Any CPU
		{635255AF-F681-4BB2-B9BE-D94298145249}.Debug|Any CPU.ActiveCfg = Debug|Any CPU
		{635255AF-F681-4BB2-B9BE-D94298145249}.Debug|Any CPU.Build.0 = Debug|Any CPU
		{635255AF-F681-4BB2-B9BE-D94298145249}.Release|Any CPU.ActiveCfg = Release|Any CPU
		{635255AF-F681-4BB2-B9BE-D94298145249}.Release|Any CPU.Build.0 = Release|Any CPU
	EndGlobalSection
	GlobalSection(SolutionProperties) = preSolution
		HideSolutionNode = FALSE
	EndGlobalSection
	GlobalSection(ExtensibilityGlobals) = postSolution
		SolutionGuid = {48259492-D6A8-468A-8854-7B14F5FC4413}
	EndGlobalSection
EndGlobal
